
Microsoft Visual Studio Solution File, Format Version 12.00
# Visual Studio Version 17
VisualStudioVersion = 17.5.002.0
MinimumVisualStudioVersion = 10.0.40219.1
Project("{9A19103F-16F7-4668-BE54-9A1E7A4F7556}") = "Receive", "Receive\Receive.csproj", "{3F066816-EABE-4D20-BF5C-FA533C9280E2}"
EndProject
Project("{9A19103F-16F7-4668-BE54-9A1E7A4F7556}") = "Send", "Send\Send.csproj", "{CBBA3158-2C2F-4BB8-AEF1-7FE8A6C51BC5}"
EndProject
Global
	GlobalSection(SolutionConfigurationPlatforms) = preSolution
		Debug|Any CPU = Debug|Any CPU
		Release|Any CPU = Release|Any CPU
	EndGlobalSection
	GlobalSection(ProjectConfigurationPlatforms) = postSolution
		{3F066816-EABE-4D20-BF5C-FA533C9280E2}.Debug|Any CPU.ActiveCfg = Debug|Any CPU
		{3F066816-EABE-4D20-BF5C-FA533C9280E2}.Debug|Any CPU.Build.0 = Debug|Any CPU
		{3F066816-EABE-4D20-BF5C-FA533C9280E2}.Release|Any CPU.ActiveCfg = Release|Any CPU
		{3F066816-EABE-4D20-BF5C-FA533C9280E2}.Release|Any CPU.Build.0 = Release|Any CPU
		{CBBA3158-2C2F-4BB8-AEF1-7FE8A6C51BC5}.Debug|Any CPU.ActiveCfg = Debug|Any CPU
		{CBBA3158-2C2F-4BB8-AEF1-7FE8A6C51BC5}.Debug|Any CPU.Build.0 = Debug|Any CPU
		{CBBA3158-2C2F-4BB8-AEF1-7FE8A6C51BC5}.Release|Any CPU.ActiveCfg = Release|Any CPU
		{CBBA3158-2C2F-4BB8-AEF1-7FE8A6C51BC5}.Release|Any CPU.Build.0 = Release|Any CPU
	EndGlobalSection
	GlobalSection(SolutionProperties) = preSolution
		HideSolutionNode = FALSE
	EndGlobalSection
	GlobalSection(ExtensibilityGlobals) = postSolution
		SolutionGuid = {FDDE3928-6976-4142-B872-FAF5F00B55B2}
	EndGlobalSection
EndGlobal
